
Microsoft Visual Studio Solution File, Format Version 12.00
# Visual Studio Version 16
VisualStudioVersion = 16.0.29519.87
MinimumVisualStudioVersion = 10.0.40219.1
Project("{2150E333-8FDC-42A3-9474-1A3956D46DE8}") = "src", "src", "{DD1CFDE0-A104-44C9-B901-F11AAF4A0946}"
EndProject
Project("{2150E333-8FDC-42A3-9474-1A3956D46DE8}") = "Exceptions", "Exceptions", "{B8876CE4-5CF9-4A9C-85A3-2CCB3B39B932}"
EndProject
Project("{FAE04EC0-301F-11D3-BF4B-00C04F79EFBC}") = "Inqualitech.Exceptions.Resources", "src\Exceptions\Inqualitech.Exceptions.Resources\Inqualitech.Exceptions.Resources.csproj", "{3679DA33-BDC4-4E6F-B677-7911C00E0997}"
EndProject
Project("{9A19103F-16F7-4668-BE54-9A1E7A4F7556}") = "Inqualitech.Exceptions", "src\Exceptions\Inqualitech.Exceptions\Inqualitech.Exceptions.csproj", "{5BC61336-5B36-47CB-9E56-EE42617DA249}"
EndProject
Project("{2150E333-8FDC-42A3-9474-1A3956D46DE8}") = "Targets", "Targets", "{94504DD5-715C-4871-849D-91337484204F}"
EndProject
Project("{9A19103F-16F7-4668-BE54-9A1E7A4F7556}") = "Inqualitech.Core", "src\Targets\Inqualitech.Core\Inqualitech.Core.csproj", "{44B7A273-004E-4984-807D-1C9C5005FC25}"
EndProject
Global
	GlobalSection(SolutionConfigurationPlatforms) = preSolution
		Debug|Any CPU = Debug|Any CPU
		Release|Any CPU = Release|Any CPU
	EndGlobalSection
	GlobalSection(ProjectConfigurationPlatforms) = postSolution
		{3679DA33-BDC4-4E6F-B677-7911C00E0997}.Debug|Any CPU.ActiveCfg = Debug|Any CPU
		{3679DA33-BDC4-4E6F-B677-7911C00E0997}.Debug|Any CPU.Build.0 = Debug|Any CPU
		{3679DA33-BDC4-4E6F-B677-7911C00E0997}.Release|Any CPU.ActiveCfg = Release|Any CPU
		{3679DA33-BDC4-4E6F-B677-7911C00E0997}.Release|Any CPU.Build.0 = Release|Any CPU
		{5BC61336-5B36-47CB-9E56-EE42617DA249}.Debug|Any CPU.ActiveCfg = Debug|Any CPU
		{5BC61336-5B36-47CB-9E56-EE42617DA249}.Debug|Any CPU.Build.0 = Debug|Any CPU
		{5BC61336-5B36-47CB-9E56-EE42617DA249}.Release|Any CPU.ActiveCfg = Release|Any CPU
		{5BC61336-5B36-47CB-9E56-EE42617DA249}.Release|Any CPU.Build.0 = Release|Any CPU
		{44B7A273-004E-4984-807D-1C9C5005FC25}.Debug|Any CPU.ActiveCfg = Debug|Any CPU
		{44B7A273-004E-4984-807D-1C9C5005FC25}.Debug|Any CPU.Build.0 = Debug|Any CPU
		{44B7A273-004E-4984-807D-1C9C5005FC25}.Release|Any CPU.ActiveCfg = Release|Any CPU
		{44B7A273-004E-4984-807D-1C9C5005FC25}.Release|Any CPU.Build.0 = Release|Any CPU
	EndGlobalSection
	GlobalSection(SolutionProperties) = preSolution
		HideSolutionNode = FALSE
	EndGlobalSection
	GlobalSection(NestedProjects) = preSolution
		{B8876CE4-5CF9-4A9C-85A3-2CCB3B39B932} = {DD1CFDE0-A104-44C9-B901-F11AAF4A0946}
		{3679DA33-BDC4-4E6F-B677-7911C00E0997} = {B8876CE4-5CF9-4A9C-85A3-2CCB3B39B932}
		{5BC61336-5B36-47CB-9E56-EE42617DA249} = {B8876CE4-5CF9-4A9C-85A3-2CCB3B39B932}
		{94504DD5-715C-4871-849D-91337484204F} = {DD1CFDE0-A104-44C9-B901-F11AAF4A0946}
		{44B7A273-004E-4984-807D-1C9C5005FC25} = {94504DD5-715C-4871-849D-91337484204F}
	EndGlobalSection
	GlobalSection(ExtensibilityGlobals) = postSolution
		SolutionGuid = {79E94CED-47BB-4316-B72D-97DB03767752}
	EndGlobalSection
EndGlobal
